
Microsoft Visual Studio Solution File, Format Version 12.00
# Visual Studio Version 17
VisualStudioVersion = 17.11.35312.102
MinimumVisualStudioVersion = 10.0.40219.1
Project("{FAE04EC0-301F-11D3-BF4B-00C04F79EFBC}") = "Feedback", "Feedback.csproj", "{B17AB832-E884-415A-9C2A-BAF270D9737B}"
EndProject
Global
	GlobalSection(SolutionConfigurationPlatforms) = preSolution
		Debug|Any CPU = Debug|Any CPU
		Release|Any CPU = Release|Any CPU
	EndGlobalSection
	GlobalSection(ProjectConfigurationPlatforms) = postSolution
		{B17AB832-E884-415A-9C2A-BAF270D9737B}.Debug|Any CPU.ActiveCfg = Debug|Any CPU
		{B17AB832-E884-415A-9C2A-BAF270D9737B}.Debug|Any CPU.Build.0 = Debug|Any CPU
		{B17AB832-E884-415A-9C2A-BAF270D9737B}.Release|Any CPU.ActiveCfg = Release|Any CPU
		{B17AB832-E884-415A-9C2A-BAF270D9737B}.Release|Any CPU.Build.0 = Release|Any CPU
	EndGlobalSection
	GlobalSection(SolutionProperties) = preSolution
		HideSolutionNode = FALSE
	EndGlobalSection
	GlobalSection(ExtensibilityGlobals) = postSolution
		SolutionGuid = {A98C8281-6898-4536-B877-DB0517AA8878}
	EndGlobalSection
EndGlobal
